Microsoft Visual Studio Solution File, Format Version 12.00
Project("{2150E333-8FDC-42A3-9474-1A3956D46DE8}") = "WarehouseAPI", "WarehouseAPI", "{7FA1BD54-D614-4690-A06D-D4BBB158F7C5}"
EndProject
Project("{FAE04EC0-301F-11D3-BF4B-00C04F79EFBC}") = "GrpcService", "GrpcService\GrpcService.csproj", "{3AA6A58F-39AB-477E-B134-8E92A86CBF1F}"
EndProject
Project("{FAE04EC0-301F-11D3-BF4B-00C04F79EFBC}") = "ApiRest", "ApiRest\ApiRest.csproj", "{63BDAD67-EC7F-40B6-A360-E287D3655F69}"
EndProject
Project("{2150E333-8FDC-42A3-9474-1A3956D46DE8}") = "WarehouseCore", "WarehouseCore", "{E0842986-2DE8-4F1F-9D4D-C5EA48E8B395}"
EndProject
Project("{FAE04EC0-301F-11D3-BF4B-00C04F79EFBC}") = "WarehouseCore", "WarehouseCore\WarehouseCore.csproj", "{90AE108E-80B1-4A89-AF46-020B8F75CC85}"
EndProject
Project("{2150E333-8FDC-42A3-9474-1A3956D46DE8}") = "WarehouseInfrastructure", "WarehouseInfrastructure", "{1BE04349-0E37-4D83-A7AB-A083EE632C44}"
EndProject
Project("{FAE04EC0-301F-11D3-BF4B-00C04F79EFBC}") = "WarehouseInfrastructure", "WarehouseInfrastructure\WarehouseInfrastructure.csproj", "{212BF164-0C39-4480-A0DB-36D92D00B95F}"
EndProject
Project("{2150E333-8FDC-42A3-9474-1A3956D46DE8}") = "Tests", "Tests", "{6549ADE6-9F54-49A2-8154-7ECB32418445}"
EndProject
Project("{2150E333-8FDC-42A3-9474-1A3956D46DE8}") = "WarehouseApp", "WarehouseApp", "{1D14B2CB-0045-4A35-8A8B-A6381AAC74FF}"
EndProject
Project("{FAE04EC0-301F-11D3-BF4B-00C04F79EFBC}") = "WarehouseApp", "WarehouseApp\WarehouseApp.csproj", "{FA376EAE-8687-4868-A450-C1BCC3D41881}"
EndProject
Project("{FAE04EC0-301F-11D3-BF4B-00C04F79EFBC}") = "IntegrationTests", "IntegrationTests\IntegrationTests.csproj", "{D9D93895-324D-4A38-BEDD-FC2991687E72}"
EndProject
Project("{FAE04EC0-301F-11D3-BF4B-00C04F79EFBC}") = "UnitTests", "UnitTests\UnitTests.csproj", "{0BF57331-275E-492A-9E96-56E8AFD3B2BF}"
EndProject
Project("{FAE04EC0-301F-11D3-BF4B-00C04F79EFBC}") = "FunctionalTests", "FunctionalTests\FunctionalTests.csproj", "{ED81C4D7-B2FD-440B-B213-A96808901FA0}"
EndProject
Global
	GlobalSection(SolutionConfigurationPlatforms) = preSolution
		Debug|Any CPU = Debug|Any CPU
		Release|Any CPU = Release|Any CPU
	EndGlobalSection
	GlobalSection(NestedProjects) = preSolution
		{3AA6A58F-39AB-477E-B134-8E92A86CBF1F} = {7FA1BD54-D614-4690-A06D-D4BBB158F7C5}
		{63BDAD67-EC7F-40B6-A360-E287D3655F69} = {7FA1BD54-D614-4690-A06D-D4BBB158F7C5}
		{90AE108E-80B1-4A89-AF46-020B8F75CC85} = {E0842986-2DE8-4F1F-9D4D-C5EA48E8B395}
		{212BF164-0C39-4480-A0DB-36D92D00B95F} = {1BE04349-0E37-4D83-A7AB-A083EE632C44}
		{FA376EAE-8687-4868-A450-C1BCC3D41881} = {1D14B2CB-0045-4A35-8A8B-A6381AAC74FF}
		{D9D93895-324D-4A38-BEDD-FC2991687E72} = {6549ADE6-9F54-49A2-8154-7ECB32418445}
		{0BF57331-275E-492A-9E96-56E8AFD3B2BF} = {6549ADE6-9F54-49A2-8154-7ECB32418445}
		{ED81C4D7-B2FD-440B-B213-A96808901FA0} = {6549ADE6-9F54-49A2-8154-7ECB32418445}
	EndGlobalSection
	GlobalSection(ProjectConfigurationPlatforms) = postSolution
		{3AA6A58F-39AB-477E-B134-8E92A86CBF1F}.Debug|Any CPU.ActiveCfg = Debug|Any CPU
		{3AA6A58F-39AB-477E-B134-8E92A86CBF1F}.Debug|Any CPU.Build.0 = Debug|Any CPU
		{3AA6A58F-39AB-477E-B134-8E92A86CBF1F}.Release|Any CPU.ActiveCfg = Release|Any CPU
		{3AA6A58F-39AB-477E-B134-8E92A86CBF1F}.Release|Any CPU.Build.0 = Release|Any CPU
		{63BDAD67-EC7F-40B6-A360-E287D3655F69}.Debug|Any CPU.ActiveCfg = Debug|Any CPU
		{63BDAD67-EC7F-40B6-A360-E287D3655F69}.Debug|Any CPU.Build.0 = Debug|Any CPU
		{63BDAD67-EC7F-40B6-A360-E287D3655F69}.Release|Any CPU.ActiveCfg = Release|Any CPU
		{63BDAD67-EC7F-40B6-A360-E287D3655F69}.Release|Any CPU.Build.0 = Release|Any CPU
		{90AE108E-80B1-4A89-AF46-020B8F75CC85}.Debug|Any CPU.ActiveCfg = Debug|Any CPU
		{90AE108E-80B1-4A89-AF46-020B8F75CC85}.Debug|Any CPU.Build.0 = Debug|Any CPU
		{90AE108E-80B1-4A89-AF46-020B8F75CC85}.Release|Any CPU.ActiveCfg = Release|Any CPU
		{90AE108E-80B1-4A89-AF46-020B8F75CC85}.Release|Any CPU.Build.0 = Release|Any CPU
		{212BF164-0C39-4480-A0DB-36D92D00B95F}.Debug|Any CPU.ActiveCfg = Debug|Any CPU
		{212BF164-0C39-4480-A0DB-36D92D00B95F}.Debug|Any CPU.Build.0 = Debug|Any CPU
		{212BF164-0C39-4480-A0DB-36D92D00B95F}.Release|Any CPU.ActiveCfg = Release|Any CPU
		{212BF164-0C39-4480-A0DB-36D92D00B95F}.Release|Any CPU.Build.0 = Release|Any CPU
		{FA376EAE-8687-4868-A450-C1BCC3D41881}.Debug|Any CPU.ActiveCfg = Debug|Any CPU
		{FA376EAE-8687-4868-A450-C1BCC3D41881}.Debug|Any CPU.Build.0 = Debug|Any CPU
		{FA376EAE-8687-4868-A450-C1BCC3D41881}.Release|Any CPU.ActiveCfg = Release|Any CPU
		{FA376EAE-8687-4868-A450-C1BCC3D41881}.Release|Any CPU.Build.0 = Release|Any CPU
		{D9D93895-324D-4A38-BEDD-FC2991687E72}.Debug|Any CPU.ActiveCfg = Debug|Any CPU
		{D9D93895-324D-4A38-BEDD-FC2991687E72}.Debug|Any CPU.Build.0 = Debug|Any CPU
		{D9D93895-324D-4A38-BEDD-FC2991687E72}.Release|Any CPU.ActiveCfg = Release|Any CPU
		{D9D93895-324D-4A38-BEDD-FC2991687E72}.Release|Any CPU.Build.0 = Release|Any CPU
		{0BF57331-275E-492A-9E96-56E8AFD3B2BF}.Debug|Any CPU.ActiveCfg = Debug|Any CPU
		{0BF57331-275E-492A-9E96-56E8AFD3B2BF}.Debug|Any CPU.Build.0 = Debug|Any CPU
		{0BF57331-275E-492A-9E96-56E8AFD3B2BF}.Release|Any CPU.ActiveCfg = Release|Any CPU
		{0BF57331-275E-492A-9E96-56E8AFD3B2BF}.Release|Any CPU.Build.0 = Release|Any CPU
		{ED81C4D7-B2FD-440B-B213-A96808901FA0}.Debug|Any CPU.ActiveCfg = Debug|Any CPU
		{ED81C4D7-B2FD-440B-B213-A96808901FA0}.Debug|Any CPU.Build.0 = Debug|Any CPU
		{ED81C4D7-B2FD-440B-B213-A96808901FA0}.Release|Any CPU.ActiveCfg = Release|Any CPU
		{ED81C4D7-B2FD-440B-B213-A96808901FA0}.Release|Any CPU.Build.0 = Release|Any CPU
	EndGlobalSection
EndGlobal
